{
  "requires": true,
  "lockfileVersion": 1,
  "dependencies": {
    "animate.css": {
      "version": "4.1.1",
      "resolved": "https://registry.npmjs.org/animate.css/-/animate.css-4.1.1.tgz",
      "integrity": "sha512-+mRmCTv6SbCmtYJCN4faJMNFVNN5EuCTTprDTAo7YzIGji2KADmakjVA3+8mVDkZ2Bf09vayB35lSQIex2+QaQ=="
    },
    "ue-scroll-js": {
      "version": "2.0.2",
      "resolved": "https://registry.npmjs.org/ue-scroll-js/-/ue-scroll-js-2.0.2.tgz",
      "integrity": "sha512-KLf8hHFjw7SMQBTUnLa4OePwQiPxQ5vzca+5AsxPGbCj3VNWeXqdJN8+yoc1RI9PImI9CLB39sQi0eu9JOH7lA=="
    }
  }
}
